
Microsoft Visual Studio Solution File, Format Version 12.00
# Visual Studio Version 16
VisualStudioVersion = 16.0.29418.71
MinimumVisualStudioVersion = 10.0.40219.1
Project("{9A19103F-16F7-4668-BE54-9A1E7A4F7556}") = "SharpGrabber", "src\SharpGrabber\SharpGrabber.csproj", "{F2CB23B0-E878-4CDE-9F29-C3B8E915125B}"
EndProject
Project("{9A19103F-16F7-4668-BE54-9A1E7A4F7556}") = "SharpGrabber.Tests", "tests\DotNetTools.SharpGrabber.Tests\SharpGrabber.Tests.csproj", "{B597E685-3509-435E-B11A-BC5A151051CE}"
EndProject
Project("{9A19103F-16F7-4668-BE54-9A1E7A4F7556}") = "SharpGrabber.Converter", "src\SharpGrabber.Converter\SharpGrabber.Converter.csproj", "{C0A29188-D1FA-4F00-A77A-D1B17FD992FF}"
EndProject
Project("{9A19103F-16F7-4668-BE54-9A1E7A4F7556}") = "SharpGrabber.Desktop", "src\SharpGrabber.Desktop\SharpGrabber.Desktop.csproj", "{F57085EC-1886-4671-A8B2-7EAAA4EE1871}"
EndProject
Project("{2150E333-8FDC-42A3-9474-1A3956D46DE8}") = "Solution Items", "Solution Items", "{B644818E-F069-45FD-8FA7-AD0032B2A59C}"
	ProjectSection(SolutionItems) = preProject
		README.md = README.md
	EndProjectSection
EndProject
Project("{FAE04EC0-301F-11D3-BF4B-00C04F79EFBC}") = "SharpGrabber.Core", "src\SharpGrabber.Core\SharpGrabber.Core.csproj", "{6B71DD70-F4F7-4FCC-B960-F7F6C2E74E32}"
EndProject
Global
	GlobalSection(SolutionConfigurationPlatforms) = preSolution
		Debug|Any CPU = Debug|Any CPU
		Release|Any CPU = Release|Any CPU
	EndGlobalSection
	GlobalSection(ProjectConfigurationPlatforms) = postSolution
		{F2CB23B0-E878-4CDE-9F29-C3B8E915125B}.Debug|Any CPU.ActiveCfg = Debug|Any CPU
		{F2CB23B0-E878-4CDE-9F29-C3B8E915125B}.Debug|Any CPU.Build.0 = Debug|Any CPU
		{F2CB23B0-E878-4CDE-9F29-C3B8E915125B}.Release|Any CPU.ActiveCfg = Release|Any CPU
		{F2CB23B0-E878-4CDE-9F29-C3B8E915125B}.Release|Any CPU.Build.0 = Release|Any CPU
		{B597E685-3509-435E-B11A-BC5A151051CE}.Debug|Any CPU.ActiveCfg = Debug|Any CPU
		{B597E685-3509-435E-B11A-BC5A151051CE}.Debug|Any CPU.Build.0 = Debug|Any CPU
		{B597E685-3509-435E-B11A-BC5A151051CE}.Release|Any CPU.ActiveCfg = Release|Any CPU
		{B597E685-3509-435E-B11A-BC5A151051CE}.Release|Any CPU.Build.0 = Release|Any CPU
		{C0A29188-D1FA-4F00-A77A-D1B17FD992FF}.Debug|Any CPU.ActiveCfg = Debug|Any CPU
		{C0A29188-D1FA-4F00-A77A-D1B17FD992FF}.Debug|Any CPU.Build.0 = Debug|Any CPU
		{C0A29188-D1FA-4F00-A77A-D1B17FD992FF}.Release|Any CPU.ActiveCfg = Release|Any CPU
		{C0A29188-D1FA-4F00-A77A-D1B17FD992FF}.Release|Any CPU.Build.0 = Release|Any CPU
		{F57085EC-1886-4671-A8B2-7EAAA4EE1871}.Debug|Any CPU.ActiveCfg = Debug|Any CPU
		{F57085EC-1886-4671-A8B2-7EAAA4EE1871}.Debug|Any CPU.Build.0 = Debug|Any CPU
		{F57085EC-1886-4671-A8B2-7EAAA4EE1871}.Release|Any CPU.ActiveCfg = Release|Any CPU
		{F57085EC-1886-4671-A8B2-7EAAA4EE1871}.Release|Any CPU.Build.0 = Release|Any CPU
		{6B71DD70-F4F7-4FCC-B960-F7F6C2E74E32}.Debug|Any CPU.ActiveCfg = Debug|Any CPU
		{6B71DD70-F4F7-4FCC-B960-F7F6C2E74E32}.Debug|Any CPU.Build.0 = Debug|Any CPU
		{6B71DD70-F4F7-4FCC-B960-F7F6C2E74E32}.Release|Any CPU.ActiveCfg = Release|Any CPU
		{6B71DD70-F4F7-4FCC-B960-F7F6C2E74E32}.Release|Any CPU.Build.0 = Release|Any CPU
	EndGlobalSection
	GlobalSection(SolutionProperties) = preSolution
		HideSolutionNode = FALSE
	EndGlobalSection
	GlobalSection(ExtensibilityGlobals) = postSolution
		SolutionGuid = {0003E70E-C9A2-459C-A6A0-540449AC7A87}
	EndGlobalSection
EndGlobal
